// !$*UTF8*$!
{
	archiveVersion = 1;
	classes = {
	};
	objectVersion = 56;
	objects = {

/* Begin PBXBuildFile section */
		719E54E52ADD15A300A87D7D /* Tu_LanchaApp.swift in Sources */ = {isa = PBXBuildFile; fileRef = 719E54E42ADD15A300A87D7D /* Tu_LanchaApp.swift */; };
		719E54E72ADD15A300A87D7D /* ContentView.swift in Sources */ = {isa = PBXBuildFile; fileRef = 719E54E62ADD15A300A87D7D /* ContentView.swift */; };
		719E54E92ADD15A400A87D7D /* Assets.xcassets in Resources */ = {isa = PBXBuildFile; fileRef = 719E54E82ADD15A400A87D7D /* Assets.xcassets */; };
		719E54EC2ADD15A400A87D7D /* Preview Assets.xcassets in Resources */ = {isa = PBXBuildFile; fileRef = 719E54EB2ADD15A400A87D7D /* Preview Assets.xcassets */; };
		719E54F32ADD173000A87D7D /* TabViewCustom.swift in Sources */ = {isa = PBXBuildFile; fileRef = 719E54F22ADD173000A87D7D /* TabViewCustom.swift */; };
		719E54F52ADD17A100A87D7D /* SearchView.swift in Sources */ = {isa = PBXBuildFile; fileRef = 719E54F42ADD17A100A87D7D /* SearchView.swift */; };
		719E54F72ADD17FA00A87D7D /* CustomMarinaScrollView.swift in Sources */ = {isa = PBXBuildFile; fileRef = 719E54F62ADD17FA00A87D7D /* CustomMarinaScrollView.swift */; };
		719E54F92ADD189900A87D7D /* CustomEmbarkationScrollView.swift in Sources */ = {isa = PBXBuildFile; fileRef = 719E54F82ADD189900A87D7D /* CustomEmbarkationScrollView.swift */; };
		719E54FB2ADD18ED00A87D7D /* CustomAllBoatScrollView.swift in Sources */ = {isa = PBXBuildFile; fileRef = 719E54FA2ADD18ED00A87D7D /* CustomAllBoatScrollView.swift */; };
		719E54FD2ADD191E00A87D7D /* MessageView.swift in Sources */ = {isa = PBXBuildFile; fileRef = 719E54FC2ADD191E00A87D7D /* MessageView.swift */; };
		719E54FF2ADD197900A87D7D /* CalendarView.swift in Sources */ = {isa = PBXBuildFile; fileRef = 719E54FE2ADD197900A87D7D /* CalendarView.swift */; };
		719E55012ADD19B600A87D7D /* LoginView.swift in Sources */ = {isa = PBXBuildFile; fileRef = 719E55002ADD19B600A87D7D /* LoginView.swift */; };
		719E55032ADD1C2C00A87D7D /* GoogleService-Info.plist in Resources */ = {isa = PBXBuildFile; fileRef = 719E55022ADD1C2C00A87D7D /* GoogleService-Info.plist */; };
		719E55062ADD1CF300A87D7D /* FirebaseAnalytics in Frameworks */ = {isa = PBXBuildFile; productRef = 719E55052ADD1CF300A87D7D /* FirebaseAnalytics */; };
		719E55082ADD1CF300A87D7D /* FirebaseAnalyticsOnDeviceConversion in Frameworks */ = {isa = PBXBuildFile; productRef = 719E55072ADD1CF300A87D7D /* FirebaseAnalyticsOnDeviceConversion */; };
		719E550A2ADD1CF300A87D7D /* FirebaseAnalyticsSwift in Frameworks */ = {isa = PBXBuildFile; productRef = 719E55092ADD1CF300A87D7D /* FirebaseAnalyticsSwift */; };
		719E550C2ADD1CF300A87D7D /* FirebaseAnalyticsWithoutAdIdSupport in Frameworks */ = {isa = PBXBuildFile; productRef = 719E550B2ADD1CF300A87D7D /* FirebaseAnalyticsWithoutAdIdSupport */; };
		719E550E2ADD1CF300A87D7D /* FirebaseAppCheck in Frameworks */ = {isa = PBXBuildFile; productRef = 719E550D2ADD1CF300A87D7D /* FirebaseAppCheck */; };
		719E55102ADD1CF300A87D7D /* FirebaseAppDistribution-Beta in Frameworks */ = {isa = PBXBuildFile; productRef = 719E550F2ADD1CF300A87D7D /* FirebaseAppDistribution-Beta */; };
		719E55122ADD1CF300A87D7D /* FirebaseAuth in Frameworks */ = {isa = PBXBuildFile; productRef = 719E55112ADD1CF300A87D7D /* FirebaseAuth */; };
		719E55142ADD1CF300A87D7D /* FirebaseAuthCombine-Community in Frameworks */ = {isa = PBXBuildFile; productRef = 719E55132ADD1CF300A87D7D /* FirebaseAuthCombine-Community */; };
		719E55162ADD1CF300A87D7D /* FirebaseCrashlytics in Frameworks */ = {isa = PBXBuildFile; productRef = 719E55152ADD1CF300A87D7D /* FirebaseCrashlytics */; };
		719E55182ADD1CF300A87D7D /* FirebaseDatabase in Frameworks */ = {isa = PBXBuildFile; productRef = 719E55172ADD1CF300A87D7D /* FirebaseDatabase */; };
		719E551A2ADD1CF300A87D7D /* FirebaseDatabaseSwift in Frameworks */ = {isa = PBXBuildFile; productRef = 719E55192ADD1CF300A87D7D /* FirebaseDatabaseSwift */; };
		719E551C2ADD1CF300A87D7D /* FirebaseDynamicLinks in Frameworks */ = {isa = PBXBuildFile; productRef = 719E551B2ADD1CF300A87D7D /* FirebaseDynamicLinks */; };
		719E551E2ADD1CF300A87D7D /* FirebaseFirestore in Frameworks */ = {isa = PBXBuildFile; productRef = 719E551D2ADD1CF300A87D7D /* FirebaseFirestore */; };
		719E55202ADD1CF300A87D7D /* FirebaseFirestoreCombine-Community in Frameworks */ = {isa = PBXBuildFile; productRef = 719E551F2ADD1CF300A87D7D /* FirebaseFirestoreCombine-Community */; };
		719E55222ADD1CF300A87D7D /* FirebaseFirestoreSwift in Frameworks */ = {isa = PBXBuildFile; productRef = 719E55212ADD1CF300A87D7D /* FirebaseFirestoreSwift */; };
		719E55242ADD1CF300A87D7D /* FirebaseFunctions in Frameworks */ = {isa = PBXBuildFile; productRef = 719E55232ADD1CF300A87D7D /* FirebaseFunctions */; };
		719E55262ADD1CF300A87D7D /* FirebaseFunctionsCombine-Community in Frameworks */ = {isa = PBXBuildFile; productRef = 719E55252ADD1CF300A87D7D /* FirebaseFunctionsCombine-Community */; };
		719E55282ADD1CF300A87D7D /* FirebaseInAppMessaging-Beta in Frameworks */ = {isa = PBXBuildFile; productRef = 719E55272ADD1CF300A87D7D /* FirebaseInAppMessaging-Beta */; };
		719E552A2ADD1CF300A87D7D /* FirebaseInAppMessagingSwift-Beta in Frameworks */ = {isa = PBXBuildFile; productRef = 719E55292ADD1CF300A87D7D /* FirebaseInAppMessagingSwift-Beta */; };
		719E552C2ADD1CF300A87D7D /* FirebaseInstallations in Frameworks */ = {isa = PBXBuildFile; productRef = 719E552B2ADD1CF300A87D7D /* FirebaseInstallations */; };
		719E552E2ADD1CF300A87D7D /* FirebaseMLModelDownloader in Frameworks */ = {isa = PBXBuildFile; productRef = 719E552D2ADD1CF300A87D7D /* FirebaseMLModelDownloader */; };
		719E55302ADD1CF300A87D7D /* FirebaseMessaging in Frameworks */ = {isa = PBXBuildFile; productRef = 719E552F2ADD1CF300A87D7D /* FirebaseMessaging */; };
		719E55322ADD1CF300A87D7D /* FirebasePerformance in Frameworks */ = {isa = PBXBuildFile; productRef = 719E55312ADD1CF300A87D7D /* FirebasePerformance */; };
		719E55342ADD1CF300A87D7D /* FirebaseRemoteConfig in Frameworks */ = {isa = PBXBuildFile; productRef = 719E55332ADD1CF300A87D7D /* FirebaseRemoteConfig */; };
		719E55362ADD1CF300A87D7D /* FirebaseRemoteConfigSwift in Frameworks */ = {isa = PBXBuildFile; productRef = 719E55352ADD1CF300A87D7D /* FirebaseRemoteConfigSwift */; };
		719E55382ADD1CF300A87D7D /* FirebaseStorage in Frameworks */ = {isa = PBXBuildFile; productRef = 719E55372ADD1CF300A87D7D /* FirebaseStorage */; };
		719E553A2ADD1CF300A87D7D /* FirebaseStorageCombine-Community in Frameworks */ = {isa = PBXBuildFile; productRef = 719E55392ADD1CF300A87D7D /* FirebaseStorageCombine-Community */; };
		719E553C2ADD2DFC00A87D7D /* AuthenticationDataSource.swift in Sources */ = {isa = PBXBuildFile; fileRef = 719E553B2ADD2DFC00A87D7D /* AuthenticationDataSource.swift */; };
		719E553E2ADD2EAB00A87D7D /* RegisterView.swift in Sources */ = {isa = PBXBuildFile; fileRef = 719E553D2ADD2EAB00A87D7D /* RegisterView.swift */; };
/* End PBXBuildFile section */

/* Begin PBXFileReference section */
		719E54E12ADD15A300A87D7D /* Tu Lancha.app */ = {isa = PBXFileReference; explicitFileType = wrapper.application; includeInIndex = 0; path = "Tu Lancha.app"; sourceTree = BUILT_PRODUCTS_DIR; };
		719E54E42ADD15A300A87D7D /* Tu_LanchaApp.swift */ = {isa = PBXFileReference; lastKnownFileType = sourcecode.swift; path = Tu_LanchaApp.swift; sourceTree = "<group>"; };
		719E54E62ADD15A300A87D7D /* ContentView.swift */ = {isa = PBXFileReference; lastKnownFileType = sourcecode.swift; path = ContentView.swift; sourceTree = "<group>"; };
		719E54E82ADD15A400A87D7D /* Assets.xcassets */ = {isa = PBXFileReference; lastKnownFileType = folder.assetcatalog; path = Assets.xcassets; sourceTree = "<group>"; };
		719E54EB2ADD15A400A87D7D /* Preview Assets.xcassets */ = {isa = PBXFileReference; lastKnownFileType = folder.assetcatalog; path = "Preview Assets.xcassets"; sourceTree = "<group>"; };
		719E54F22ADD173000A87D7D /* TabViewCustom.swift */ = {isa = PBXFileReference; lastKnownFileType = sourcecode.swift; path = TabViewCustom.swift; sourceTree = "<group>"; };
		719E54F42ADD17A100A87D7D /* SearchView.swift */ = {isa = PBXFileReference; lastKnownFileType = sourcecode.swift; path = SearchView.swift; sourceTree = "<group>"; };
		719E54F62ADD17FA00A87D7D /* CustomMarinaScrollView.swift */ = {isa = PBXFileReference; lastKnownFileType = sourcecode.swift; path = CustomMarinaScrollView.swift; sourceTree = "<group>"; };
		719E54F82ADD189900A87D7D /* CustomEmbarkationScrollView.swift */ = {isa = PBXFileReference; lastKnownFileType = sourcecode.swift; path = CustomEmbarkationScrollView.swift; sourceTree = "<group>"; };
		719E54FA2ADD18ED00A87D7D /* CustomAllBoatScrollView.swift */ = {isa = PBXFileReference; lastKnownFileType = sourcecode.swift; path = CustomAllBoatScrollView.swift; sourceTree = "<group>"; };
		719E54FC2ADD191E00A87D7D /* MessageView.swift */ = {isa = PBXFileReference; lastKnownFileType = sourcecode.swift; path = MessageView.swift; sourceTree = "<group>"; };
		719E54FE2ADD197900A87D7D /* CalendarView.swift */ = {isa = PBXFileReference; lastKnownFileType = sourcecode.swift; path = CalendarView.swift; sourceTree = "<group>"; };
		719E55002ADD19B600A87D7D /* LoginView.swift */ = {isa = PBXFileReference; lastKnownFileType = sourcecode.swift; path = LoginView.swift; sourceTree = "<group>"; };
		719E55022ADD1C2C00A87D7D /* GoogleService-Info.plist */ = {isa = PBXFileReference; fileEncoding = 4; lastKnownFileType = text.plist.xml; path = "GoogleService-Info.plist"; sourceTree = "<group>"; };
		719E553B2ADD2DFC00A87D7D /* AuthenticationDataSource.swift */ = {isa = PBXFileReference; lastKnownFileType = sourcecode.swift; path = AuthenticationDataSource.swift; sourceTree = "<group>"; };
		719E553D2ADD2EAB00A87D7D /* RegisterView.swift */ = {isa = PBXFileReference; lastKnownFileType = sourcecode.swift; path = RegisterView.swift; sourceTree = "<group>"; };
/* End PBXFileReference section */

/* Begin PBXFrameworksBuildPhase section */
		719E54DE2ADD15A300A87D7D /* Frameworks */ = {
			isa = PBXFrameworksBuildPhase;
			buildActionMask = 2147483647;
			files = (
				719E55182ADD1CF300A87D7D /* FirebaseDatabase in Frameworks */,
				719E55262ADD1CF300A87D7D /* FirebaseFunctionsCombine-Community in Frameworks */,
				719E551E2ADD1CF300A87D7D /* FirebaseFirestore in Frameworks */,
				719E550A2ADD1CF300A87D7D /* FirebaseAnalyticsSwift in Frameworks */,
				719E55062ADD1CF300A87D7D /* FirebaseAnalytics in Frameworks */,
				719E55082ADD1CF300A87D7D /* FirebaseAnalyticsOnDeviceConversion in Frameworks */,
				719E552E2ADD1CF300A87D7D /* FirebaseMLModelDownloader in Frameworks */,
				719E55222ADD1CF300A87D7D /* FirebaseFirestoreSwift in Frameworks */,
				719E550E2ADD1CF300A87D7D /* FirebaseAppCheck in Frameworks */,
				719E550C2ADD1CF300A87D7D /* FirebaseAnalyticsWithoutAdIdSupport in Frameworks */,
				719E55122ADD1CF300A87D7D /* FirebaseAuth in Frameworks */,
				719E55162ADD1CF300A87D7D /* FirebaseCrashlytics in Frameworks */,
				719E55362ADD1CF300A87D7D /* FirebaseRemoteConfigSwift in Frameworks */,
				719E55282ADD1CF300A87D7D /* FirebaseInAppMessaging-Beta in Frameworks */,
				719E551A2ADD1CF300A87D7D /* FirebaseDatabaseSwift in Frameworks */,
				719E55242ADD1CF300A87D7D /* FirebaseFunctions in Frameworks */,
				719E553A2ADD1CF300A87D7D /* FirebaseStorageCombine-Community in Frameworks */,
				719E55342ADD1CF300A87D7D /* FirebaseRemoteConfig in Frameworks */,
				719E55102ADD1CF300A87D7D /* FirebaseAppDistribution-Beta in Frameworks */,
				719E55142ADD1CF300A87D7D /* FirebaseAuthCombine-Community in Frameworks */,
				719E55322ADD1CF300A87D7D /* FirebasePerformance in Frameworks */,
				719E552A2ADD1CF300A87D7D /* FirebaseInAppMessagingSwift-Beta in Frameworks */,
				719E55382ADD1CF300A87D7D /* FirebaseStorage in Frameworks */,
				719E551C2ADD1CF300A87D7D /* FirebaseDynamicLinks in Frameworks */,
				719E55202ADD1CF300A87D7D /* FirebaseFirestoreCombine-Community in Frameworks */,
				719E55302ADD1CF300A87D7D /* FirebaseMessaging in Frameworks */,
				719E552C2ADD1CF300A87D7D /* FirebaseInstallations in Frameworks */,
			);
			runOnlyForDeploymentPostprocessing = 0;
		};
/* End PBXFrameworksBuildPhase section */

/* Begin PBXGroup section */
		719E54D82ADD15A300A87D7D = {
			isa = PBXGroup;
			children = (
				719E54E32ADD15A300A87D7D /* Tu Lancha */,
				719E54E22ADD15A300A87D7D /* Products */,
			);
			sourceTree = "<group>";
		};
		719E54E22ADD15A300A87D7D /* Products */ = {
			isa = PBXGroup;
			children = (
				719E54E12ADD15A300A87D7D /* Tu Lancha.app */,
			);
			name = Products;
			sourceTree = "<group>";
		};
		719E54E32ADD15A300A87D7D /* Tu Lancha */ = {
			isa = PBXGroup;
			children = (
				719E54E42ADD15A300A87D7D /* Tu_LanchaApp.swift */,
				719E54E62ADD15A300A87D7D /* ContentView.swift */,
				719E54F22ADD173000A87D7D /* TabViewCustom.swift */,
				719E54F42ADD17A100A87D7D /* SearchView.swift */,
				719E54F62ADD17FA00A87D7D /* CustomMarinaScrollView.swift */,
				719E54F82ADD189900A87D7D /* CustomEmbarkationScrollView.swift */,
				719E54FA2ADD18ED00A87D7D /* CustomAllBoatScrollView.swift */,
				719E54FC2ADD191E00A87D7D /* MessageView.swift */,
				719E54FE2ADD197900A87D7D /* CalendarView.swift */,
				719E55002ADD19B600A87D7D /* LoginView.swift */,
				719E553D2ADD2EAB00A87D7D /* RegisterView.swift */,
				719E553B2ADD2DFC00A87D7D /* AuthenticationDataSource.swift */,
				719E54E82ADD15A400A87D7D /* Assets.xcassets */,
				719E55022ADD1C2C00A87D7D /* GoogleService-Info.plist */,
				719E54EA2ADD15A400A87D7D /* Preview Content */,
			);
			path = "Tu Lancha";
			sourceTree = "<group>";
		};
		719E54EA2ADD15A400A87D7D /* Preview Content */ = {
			isa = PBXGroup;
			children = (
				719E54EB2ADD15A400A87D7D /* Preview Assets.xcassets */,
			);
			path = "Preview Content";
			sourceTree = "<group>";
		};
/* End PBXGroup section */

/* Begin PBXNativeTarget section */
		719E54E02ADD15A300A87D7D /* Tu Lancha */ = {
			isa = PBXNativeTarget;
			buildConfigurationList = 719E54EF2ADD15A400A87D7D /* Build configuration list for PBXNativeTarget "Tu Lancha" */;
			buildPhases = (
				719E54DD2ADD15A300A87D7D /* Sources */,
				719E54DE2ADD15A300A87D7D /* Frameworks */,
				719E54DF2ADD15A300A87D7D /* Resources */,
			);
			buildRules = (
			);
			dependencies = (
			);
			name = "Tu Lancha";
			packageProductDependencies = (
				719E55052ADD1CF300A87D7D /* FirebaseAnalytics */,
				719E55072ADD1CF300A87D7D /* FirebaseAnalyticsOnDeviceConversion */,
				719E55092ADD1CF300A87D7D /* FirebaseAnalyticsSwift */,
				719E550B2ADD1CF300A87D7D /* FirebaseAnalyticsWithoutAdIdSupport */,
				719E550D2ADD1CF300A87D7D /* FirebaseAppCheck */,
				719E550F2ADD1CF300A87D7D /* FirebaseAppDistribution-Beta */,
				719E55112ADD1CF300A87D7D /* FirebaseAuth */,
				719E55132ADD1CF300A87D7D /* FirebaseAuthCombine-Community */,
				719E55152ADD1CF300A87D7D /* FirebaseCrashlytics */,
				719E55172ADD1CF300A87D7D /* FirebaseDatabase */,
				719E55192ADD1CF300A87D7D /* FirebaseDatabaseSwift */,
				719E551B2ADD1CF300A87D7D /* FirebaseDynamicLinks */,
				719E551D2ADD1CF300A87D7D /* FirebaseFirestore */,
				719E551F2ADD1CF300A87D7D /* FirebaseFirestoreCombine-Community */,
				719E55212ADD1CF300A87D7D /* FirebaseFirestoreSwift */,
				719E55232ADD1CF300A87D7D /* FirebaseFunctions */,
				719E55252ADD1CF300A87D7D /* FirebaseFunctionsCombine-Community */,
				719E55272ADD1CF300A87D7D /* FirebaseInAppMessaging-Beta */,
				719E55292ADD1CF300A87D7D /* FirebaseInAppMessagingSwift-Beta */,
				719E552B2ADD1CF300A87D7D /* FirebaseInstallations */,
				719E552D2ADD1CF300A87D7D /* FirebaseMLModelDownloader */,
				719E552F2ADD1CF300A87D7D /* FirebaseMessaging */,
				719E55312ADD1CF300A87D7D /* FirebasePerformance */,
				719E55332ADD1CF300A87D7D /* FirebaseRemoteConfig */,
				719E55352ADD1CF300A87D7D /* FirebaseRemoteConfigSwift */,
				719E55372ADD1CF300A87D7D /* FirebaseStorage */,
				719E55392ADD1CF300A87D7D /* FirebaseStorageCombine-Community */,
			);
			productName = "Tu Lancha";
			productReference = 719E54E12ADD15A300A87D7D /* Tu Lancha.app */;
			productType = "com.apple.product-type.application";
		};
/* End PBXNativeTarget section */

/* Begin PBXProject section */
		719E54D92ADD15A300A87D7D /* Project object */ = {
			isa = PBXProject;
			attributes = {
				BuildIndependentTargetsInParallel = 1;
				LastSwiftUpdateCheck = 1500;
				LastUpgradeCheck = 1500;
				TargetAttributes = {
					719E54E02ADD15A300A87D7D = {
						CreatedOnToolsVersion = 15.0;
					};
				};
			};
			buildConfigurationList = 719E54DC2ADD15A300A87D7D /* Build configuration list for PBXProject "Tu Lancha" */;
			compatibilityVersion = "Xcode 14.0";
			developmentRegion = en;
			hasScannedForEncodings = 0;
			knownRegions = (
				en,
				Base,
			);
			mainGroup = 719E54D82ADD15A300A87D7D;
			packageReferences = (
				719E55042ADD1CF300A87D7D /* XCRemoteSwiftPackageReference "firebase-ios-sdk" */,
			);
			productRefGroup = 719E54E22ADD15A300A87D7D /* Products */;
			projectDirPath = "";
			projectRoot = "";
			targets = (
				719E54E02ADD15A300A87D7D /* Tu Lancha */,
			);
		};
/* End PBXProject section */

/* Begin PBXResourcesBuildPhase section */
		719E54DF2ADD15A300A87D7D /* Resources */ = {
			isa = PBXResourcesBuildPhase;
			buildActionMask = 2147483647;
			files = (
				719E54EC2ADD15A400A87D7D /* Preview Assets.xcassets in Resources */,
				719E54E92ADD15A400A87D7D /* Assets.xcassets in Resources */,
				719E55032ADD1C2C00A87D7D /* GoogleService-Info.plist in Resources */,
			);
			runOnlyForDeploymentPostprocessing = 0;
		};
/* End PBXResourcesBuildPhase section */

/* Begin PBXSourcesBuildPhase section */
		719E54DD2ADD15A300A87D7D /* Sources */ = {
			isa = PBXSourcesBuildPhase;
			buildActionMask = 2147483647;
			files = (
				719E54F92ADD189900A87D7D /* CustomEmbarkationScrollView.swift in Sources */,
				719E54F52ADD17A100A87D7D /* SearchView.swift in Sources */,
				719E54F72ADD17FA00A87D7D /* CustomMarinaScrollView.swift in Sources */,
				719E54E72ADD15A300A87D7D /* ContentView.swift in Sources */,
				719E55012ADD19B600A87D7D /* LoginView.swift in Sources */,
				719E54FD2ADD191E00A87D7D /* MessageView.swift in Sources */,
				719E54FF2ADD197900A87D7D /* CalendarView.swift in Sources */,
				719E54FB2ADD18ED00A87D7D /* CustomAllBoatScrollView.swift in Sources */,
				719E54E52ADD15A300A87D7D /* Tu_LanchaApp.swift in Sources */,
				719E553E2ADD2EAB00A87D7D /* RegisterView.swift in Sources */,
				719E54F32ADD173000A87D7D /* TabViewCustom.swift in Sources */,
				719E553C2ADD2DFC00A87D7D /* AuthenticationDataSource.swift in Sources */,
			);
			runOnlyForDeploymentPostprocessing = 0;
		};
/* End PBXSourcesBuildPhase section */

/* Begin XCBuildConfiguration section */
		719E54ED2ADD15A400A87D7D /* Debug */ = {
			isa = XCBuildConfiguration;
			buildSettings = {
				ALWAYS_SEARCH_USER_PATHS = NO;
				ASSETCATALOG_COMPILER_GENERATE_SWIFT_ASSET_SYMBOL_EXTENSIONS = YES;
				CLANG_ANALYZER_NONNULL = YES;
				CLANG_ANALYZER_NUMBER_OBJECT_CONVERSION = YES_AGGRESSIVE;
				CLANG_CXX_LANGUAGE_STANDARD = "gnu++20";
				CLANG_ENABLE_MODULES = YES;
				CLANG_ENABLE_OBJC_ARC = YES;
				CLANG_ENABLE_OBJC_WEAK = YES;
				CLANG_WARN_BLOCK_CAPTURE_AUTORELEASING = YES;
				CLANG_WARN_BOOL_CONVERSION = YES;
				CLANG_WARN_COMMA = YES;
				CLANG_WARN_CONSTANT_CONVERSION = YES;
				CLANG_WARN_DEPRECATED_OBJC_IMPLEMENTATIONS = YES;
				CLANG_WARN_DIRECT_OBJC_ISA_USAGE = YES_ERROR;
				CLANG_WARN_DOCUMENTATION_COMMENTS = YES;
				CLANG_WARN_EMPTY_BODY = YES;
				CLANG_WARN_ENUM_CONVERSION = YES;
				CLANG_WARN_INFINITE_RECURSION = YES;
				CLANG_WARN_INT_CONVERSION = YES;
				CLANG_WARN_NON_LITERAL_NULL_CONVERSION = YES;
				CLANG_WARN_OBJC_IMPLICIT_RETAIN_SELF = YES;
				CLANG_WARN_OBJC_LITERAL_CONVERSION = YES;
				CLANG_WARN_OBJC_ROOT_CLASS = YES_ERROR;
				CLANG_WARN_QUOTED_INCLUDE_IN_FRAMEWORK_HEADER = YES;
				CLANG_WARN_RANGE_LOOP_ANALYSIS = YES;
				CLANG_WARN_STRICT_PROTOTYPES = YES;
				CLANG_WARN_SUSPICIOUS_MOVE = YES;
				CLANG_WARN_UNGUARDED_AVAILABILITY = YES_AGGRESSIVE;
				CLANG_WARN_UNREACHABLE_CODE = YES;
				CLANG_WARN__DUPLICATE_METHOD_MATCH = YES;
				COPY_PHASE_STRIP = NO;
				DEBUG_INFORMATION_FORMAT = dwarf;
				ENABLE_STRICT_OBJC_MSGSEND = YES;
				ENABLE_TESTABILITY = YES;
				ENABLE_USER_SCRIPT_SANDBOXING = YES;
				GCC_C_LANGUAGE_STANDARD = gnu17;
				GCC_DYNAMIC_NO_PIC = NO;
				GCC_NO_COMMON_BLOCKS = YES;
				GCC_OPTIMIZATION_LEVEL = 0;
				GCC_PREPROCESSOR_DEFINITIONS = (
					"DEBUG=1",
					"$(inherited)",
				);
				GCC_WARN_64_TO_32_BIT_CONVERSION = YES;
				GCC_WARN_ABOUT_RETURN_TYPE = YES_ERROR;
				GCC_WARN_UNDECLARED_SELECTOR = YES;
				GCC_WARN_UNINITIALIZED_AUTOS = YES_AGGRESSIVE;
				GCC_WARN_UNUSED_FUNCTION = YES;
				GCC_WARN_UNUSED_VARIABLE = YES;
				IPHONEOS_DEPLOYMENT_TARGET = 17.0;
				LOCALIZATION_PREFERS_STRING_CATALOGS = YES;
				MTL_ENABLE_DEBUG_INFO = INCLUDE_SOURCE;
				MTL_FAST_MATH = YES;
				ONLY_ACTIVE_ARCH = YES;
				SDKROOT = iphoneos;
				SWIFT_ACTIVE_COMPILATION_CONDITIONS = "DEBUG $(inherited)";
				SWIFT_OPTIMIZATION_LEVEL = "-Onone";
			};
			name = Debug;
		};
		719E54EE2ADD15A400A87D7D /* Release */ = {
			isa = XCBuildConfiguration;
			buildSettings = {
				ALWAYS_SEARCH_USER_PATHS = NO;
				ASSETCATALOG_COMPILER_GENERATE_SWIFT_ASSET_SYMBOL_EXTENSIONS = YES;
				CLANG_ANALYZER_NONNULL = YES;
				CLANG_ANALYZER_NUMBER_OBJECT_CONVERSION = YES_AGGRESSIVE;
				CLANG_CXX_LANGUAGE_STANDARD = "gnu++20";
				CLANG_ENABLE_MODULES = YES;
				CLANG_ENABLE_OBJC_ARC = YES;
				CLANG_ENABLE_OBJC_WEAK = YES;
				CLANG_WARN_BLOCK_CAPTURE_AUTORELEASING = YES;
				CLANG_WARN_BOOL_CONVERSION = YES;
				CLANG_WARN_COMMA = YES;
				CLANG_WARN_CONSTANT_CONVERSION = YES;
				CLANG_WARN_DEPRECATED_OBJC_IMPLEMENTATIONS = YES;
				CLANG_WARN_DIRECT_OBJC_ISA_USAGE = YES_ERROR;
				CLANG_WARN_DOCUMENTATION_COMMENTS = YES;
				CLANG_WARN_EMPTY_BODY = YES;
				CLANG_WARN_ENUM_CONVERSION = YES;
				CLANG_WARN_INFINITE_RECURSION = YES;
				CLANG_WARN_INT_CONVERSION = YES;
				CLANG_WARN_NON_LITERAL_NULL_CONVERSION = YES;
				CLANG_WARN_OBJC_IMPLICIT_RETAIN_SELF = YES;
				CLANG_WARN_OBJC_LITERAL_CONVERSION = YES;
				CLANG_WARN_OBJC_ROOT_CLASS = YES_ERROR;
				CLANG_WARN_QUOTED_INCLUDE_IN_FRAMEWORK_HEADER = YES;
				CLANG_WARN_RANGE_LOOP_ANALYSIS = YES;
				CLANG_WARN_STRICT_PROTOTYPES = YES;
				CLANG_WARN_SUSPICIOUS_MOVE = YES;
				CLANG_WARN_UNGUARDED_AVAILABILITY = YES_AGGRESSIVE;
				CLANG_WARN_UNREACHABLE_CODE = YES;
				CLANG_WARN__DUPLICATE_METHOD_MATCH = YES;
				COPY_PHASE_STRIP = NO;
				DEBUG_INFORMATION_FORMAT = "dwarf-with-dsym";
				ENABLE_NS_ASSERTIONS = NO;
				ENABLE_STRICT_OBJC_MSGSEND = YES;
				ENABLE_USER_SCRIPT_SANDBOXING = YES;
				GCC_C_LANGUAGE_STANDARD = gnu17;
				GCC_NO_COMMON_BLOCKS = YES;
				GCC_WARN_64_TO_32_BIT_CONVERSION = YES;
				GCC_WARN_ABOUT_RETURN_TYPE = YES_ERROR;
				GCC_WARN_UNDECLARED_SELECTOR = YES;
				GCC_WARN_UNINITIALIZED_AUTOS = YES_AGGRESSIVE;
				GCC_WARN_UNUSED_FUNCTION = YES;
				GCC_WARN_UNUSED_VARIABLE = YES;
				IPHONEOS_DEPLOYMENT_TARGET = 17.0;
				LOCALIZATION_PREFERS_STRING_CATALOGS = YES;
				MTL_ENABLE_DEBUG_INFO = NO;
				MTL_FAST_MATH = YES;
				SDKROOT = iphoneos;
				SWIFT_COMPILATION_MODE = wholemodule;
				VALIDATE_PRODUCT = YES;
			};
			name = Release;
		};
		719E54F02ADD15A400A87D7D /* Debug */ = {
			isa = XCBuildConfiguration;
			buildSettings = {
				ASSETCATALOG_COMPILER_APPICON_NAME = AppIcon;
				ASSETCATALOG_COMPILER_GLOBAL_ACCENT_COLOR_NAME = AccentColor;
				CODE_SIGN_STYLE = Automatic;
				CURRENT_PROJECT_VERSION = 1;
				DEVELOPMENT_ASSET_PATHS = "\"Tu Lancha/Preview Content\"";
				DEVELOPMENT_TEAM = KS2MULFBQN;
				ENABLE_PREVIEWS = YES;
				GENERATE_INFOPLIST_FILE = YES;
				INFOPLIST_KEY_UIApplicationSceneManifest_Generation = YES;
				INFOPLIST_KEY_UIApplicationSupportsIndirectInputEvents = YES;
				INFOPLIST_KEY_UILaunchScreen_Generation = YES;
				INFOPLIST_KEY_UISupportedInterfaceOrientations_iPad = "UIInterfaceOrientationPortrait UIInterfaceOrientationPortraitUpsideDown UIInterfaceOrientationLandscapeLeft UIInterfaceOrientationLandscapeRight";
				INFOPLIST_KEY_UISupportedInterfaceOrientations_iPhone = "UIInterfaceOrientationPortrait UIInterfaceOrientationLandscapeLeft UIInterfaceOrientationLandscapeRight";
				LD_RUNPATH_SEARCH_PATHS = (
					"$(inherited)",
					"@executable_path/Frameworks",
				);
				MARKETING_VERSION = 1.0;
				PRODUCT_BUNDLE_IDENTIFIER = "TLRD.Tu-Lancha";
				PRODUCT_NAME = "$(TARGET_NAME)";
				SWIFT_EMIT_LOC_STRINGS = YES;
				SWIFT_VERSION = 5.0;
				TARGETED_DEVICE_FAMILY = "1,2";
			};
			name = Debug;
		};
		719E54F12ADD15A400A87D7D /* Release */ = {
			isa = XCBuildConfiguration;
			buildSettings = {
				ASSETCATALOG_COMPILER_APPICON_NAME = AppIcon;
				ASSETCATALOG_COMPILER_GLOBAL_ACCENT_COLOR_NAME = AccentColor;
				CODE_SIGN_STYLE = Automatic;
				CURRENT_PROJECT_VERSION = 1;
				DEVELOPMENT_ASSET_PATHS = "\"Tu Lancha/Preview Content\"";
				DEVELOPMENT_TEAM = KS2MULFBQN;
				ENABLE_PREVIEWS = YES;
				GENERATE_INFOPLIST_FILE = YES;
				INFOPLIST_KEY_UIApplicationSceneManifest_Generation = YES;
				INFOPLIST_KEY_UIApplicationSupportsIndirectInputEvents = YES;
				INFOPLIST_KEY_UILaunchScreen_Generation = YES;
				INFOPLIST_KEY_UISupportedInterfaceOrientations_iPad = "UIInterfaceOrientationPortrait UIInterfaceOrientationPortraitUpsideDown UIInterfaceOrientationLandscapeLeft UIInterfaceOrientationLandscapeRight";
				INFOPLIST_KEY_UISupportedInterfaceOrientations_iPhone = "UIInterfaceOrientationPortrait UIInterfaceOrientationLandscapeLeft UIInterfaceOrientationLandscapeRight";
				LD_RUNPATH_SEARCH_PATHS = (
					"$(inherited)",
					"@executable_path/Frameworks",
				);
				MARKETING_VERSION = 1.0;
				PRODUCT_BUNDLE_IDENTIFIER = "TLRD.Tu-Lancha";
				PRODUCT_NAME = "$(TARGET_NAME)";
				SWIFT_EMIT_LOC_STRINGS = YES;
				SWIFT_VERSION = 5.0;
				TARGETED_DEVICE_FAMILY = "1,2";
			};
			name = Release;
		};
/* End XCBuildConfiguration section */

/* Begin XCConfigurationList section */
		719E54DC2ADD15A300A87D7D /* Build configuration list for PBXProject "Tu Lancha" */ = {
			isa = XCConfigurationList;
			buildConfigurations = (
				719E54ED2ADD15A400A87D7D /* Debug */,
				719E54EE2ADD15A400A87D7D /* Release */,
			);
			defaultConfigurationIsVisible = 0;
			defaultConfigurationName = Release;
		};
		719E54EF2ADD15A400A87D7D /* Build configuration list for PBXNativeTarget "Tu Lancha" */ = {
			isa = XCConfigurationList;
			buildConfigurations = (
				719E54F02ADD15A400A87D7D /* Debug */,
				719E54F12ADD15A400A87D7D /* Release */,
			);
			defaultConfigurationIsVisible = 0;
			defaultConfigurationName = Release;
		};
/* End XCConfigurationList section */

/* Begin XCRemoteSwiftPackageReference section */
		719E55042ADD1CF300A87D7D /* XCRemoteSwiftPackageReference "firebase-ios-sdk" */ = {
			isa = XCRemoteSwiftPackageReference;
			repositoryURL = "https://github.com/firebase/firebase-ios-sdk";
			requirement = {
				kind = upToNextMajorVersion;
				minimumVersion = 10.16.0;
			};
		};
/* End XCRemoteSwiftPackageReference section */

/* Begin XCSwiftPackageProductDependency section */
		719E55052ADD1CF300A87D7D /* FirebaseAnalytics */ = {
			isa = XCSwiftPackageProductDependency;
			package = 719E55042ADD1CF300A87D7D /* XCRemoteSwiftPackageReference "firebase-ios-sdk" */;
			productName = FirebaseAnalytics;
		};
		719E55072ADD1CF300A87D7D /* FirebaseAnalyticsOnDeviceConversion */ = {
			isa = XCSwiftPackageProductDependency;
			package = 719E55042ADD1CF300A87D7D /* XCRemoteSwiftPackageReference "firebase-ios-sdk" */;
			productName = FirebaseAnalyticsOnDeviceConversion;
		};
		719E55092ADD1CF300A87D7D /* FirebaseAnalyticsSwift */ = {
			isa = XCSwiftPackageProductDependency;
			package = 719E55042ADD1CF300A87D7D /* XCRemoteSwiftPackageReference "firebase-ios-sdk" */;
			productName = FirebaseAnalyticsSwift;
		};
		719E550B2ADD1CF300A87D7D /* FirebaseAnalyticsWithoutAdIdSupport */ = {
			isa = XCSwiftPackageProductDependency;
			package = 719E55042ADD1CF300A87D7D /* XCRemoteSwiftPackageReference "firebase-ios-sdk" */;
			productName = FirebaseAnalyticsWithoutAdIdSupport;
		};
		719E550D2ADD1CF300A87D7D /* FirebaseAppCheck */ = {
			isa = XCSwiftPackageProductDependency;
			package = 719E55042ADD1CF300A87D7D /* XCRemoteSwiftPackageReference "firebase-ios-sdk" */;
			productName = FirebaseAppCheck;
		};
		719E550F2ADD1CF300A87D7D /* FirebaseAppDistribution-Beta */ = {
			isa = XCSwiftPackageProductDependency;
			package = 719E55042ADD1CF300A87D7D /* XCRemoteSwiftPackageReference "firebase-ios-sdk" */;
			productName = "FirebaseAppDistribution-Beta";
		};
		719E55112ADD1CF300A87D7D /* FirebaseAuth */ = {
			isa = XCSwiftPackageProductDependency;
			package = 719E55042ADD1CF300A87D7D /* XCRemoteSwiftPackageReference "firebase-ios-sdk" */;
			productName = FirebaseAuth;
		};
		719E55132ADD1CF300A87D7D /* FirebaseAuthCombine-Community */ = {
			isa = XCSwiftPackageProductDependency;
			package = 719E55042ADD1CF300A87D7D /* XCRemoteSwiftPackageReference "firebase-ios-sdk" */;
			productName = "FirebaseAuthCombine-Community";
		};
		719E55152ADD1CF300A87D7D /* FirebaseCrashlytics */ = {
			isa = XCSwiftPackageProductDependency;
			package = 719E55042ADD1CF300A87D7D /* XCRemoteSwiftPackageReference "firebase-ios-sdk" */;
			productName = FirebaseCrashlytics;
		};
		719E55172ADD1CF300A87D7D /* FirebaseDatabase */ = {
			isa = XCSwiftPackageProductDependency;
			package = 719E55042ADD1CF300A87D7D /* XCRemoteSwiftPackageReference "firebase-ios-sdk" */;
			productName = FirebaseDatabase;
		};
		719E55192ADD1CF300A87D7D /* FirebaseDatabaseSwift */ = {
			isa = XCSwiftPackageProductDependency;
			package = 719E55042ADD1CF300A87D7D /* XCRemoteSwiftPackageReference "firebase-ios-sdk" */;
			productName = FirebaseDatabaseSwift;
		};
		719E551B2ADD1CF300A87D7D /* FirebaseDynamicLinks */ = {
			isa = XCSwiftPackageProductDependency;
			package = 719E55042ADD1CF300A87D7D /* XCRemoteSwiftPackageReference "firebase-ios-sdk" */;
			productName = FirebaseDynamicLinks;
		};
		719E551D2ADD1CF300A87D7D /* FirebaseFirestore */ = {
			isa = XCSwiftPackageProductDependency;
			package = 719E55042ADD1CF300A87D7D /* XCRemoteSwiftPackageReference "firebase-ios-sdk" */;
			productName = FirebaseFirestore;
		};
		719E551F2ADD1CF300A87D7D /* FirebaseFirestoreCombine-Community */ = {
			isa = XCSwiftPackageProductDependency;
			package = 719E55042ADD1CF300A87D7D /* XCRemoteSwiftPackageReference "firebase-ios-sdk" */;
			productName = "FirebaseFirestoreCombine-Community";
		};
		719E55212ADD1CF300A87D7D /* FirebaseFirestoreSwift */ = {
			isa = XCSwiftPackageProductDependency;
			package = 719E55042ADD1CF300A87D7D /* XCRemoteSwiftPackageReference "firebase-ios-sdk" */;
			productName = FirebaseFirestoreSwift;
		};
		719E55232ADD1CF300A87D7D /* FirebaseFunctions */ = {
			isa = XCSwiftPackageProductDependency;
			package = 719E55042ADD1CF300A87D7D /* XCRemoteSwiftPackageReference "firebase-ios-sdk" */;
			productName = FirebaseFunctions;
		};
		719E55252ADD1CF300A87D7D /* FirebaseFunctionsCombine-Community */ = {
			isa = XCSwiftPackageProductDependency;
			package = 719E55042ADD1CF300A87D7D /* XCRemoteSwiftPackageReference "firebase-ios-sdk" */;
			productName = "FirebaseFunctionsCombine-Community";
		};
		719E55272ADD1CF300A87D7D /* FirebaseInAppMessaging-Beta */ = {
			isa = XCSwiftPackageProductDependency;
			package = 719E55042ADD1CF300A87D7D /* XCRemoteSwiftPackageReference "firebase-ios-sdk" */;
			productName = "FirebaseInAppMessaging-Beta";
		};
		719E55292ADD1CF300A87D7D /* FirebaseInAppMessagingSwift-Beta */ = {
			isa = XCSwiftPackageProductDependency;
			package = 719E55042ADD1CF300A87D7D /* XCRemoteSwiftPackageReference "firebase-ios-sdk" */;
			productName = "FirebaseInAppMessagingSwift-Beta";
		};
		719E552B2ADD1CF300A87D7D /* FirebaseInstallations */ = {
			isa = XCSwiftPackageProductDependency;
			package = 719E55042ADD1CF300A87D7D /* XCRemoteSwiftPackageReference "firebase-ios-sdk" */;
			productName = FirebaseInstallations;
		};
		719E552D2ADD1CF300A87D7D /* FirebaseMLModelDownloader */ = {
			isa = XCSwiftPackageProductDependency;
			package = 719E55042ADD1CF300A87D7D /* XCRemoteSwiftPackageReference "firebase-ios-sdk" */;
			productName = FirebaseMLModelDownloader;
		};
		719E552F2ADD1CF300A87D7D /* FirebaseMessaging */ = {
			isa = XCSwiftPackageProductDependency;
			package = 719E55042ADD1CF300A87D7D /* XCRemoteSwiftPackageReference "firebase-ios-sdk" */;
			productName = FirebaseMessaging;
		};
		719E55312ADD1CF300A87D7D /* FirebasePerformance */ = {
			isa = XCSwiftPackageProductDependency;
			package = 719E55042ADD1CF300A87D7D /* XCRemoteSwiftPackageReference "firebase-ios-sdk" */;
			productName = FirebasePerformance;
		};
		719E55332ADD1CF300A87D7D /* FirebaseRemoteConfig */ = {
			isa = XCSwiftPackageProductDependency;
			package = 719E55042ADD1CF300A87D7D /* XCRemoteSwiftPackageReference "firebase-ios-sdk" */;
			productName = FirebaseRemoteConfig;
		};
		719E55352ADD1CF300A87D7D /* FirebaseRemoteConfigSwift */ = {
			isa = XCSwiftPackageProductDependency;
			package = 719E55042ADD1CF300A87D7D /* XCRemoteSwiftPackageReference "firebase-ios-sdk" */;
			productName = FirebaseRemoteConfigSwift;
		};
		719E55372ADD1CF300A87D7D /* FirebaseStorage */ = {
			isa = XCSwiftPackageProductDependency;
			package = 719E55042ADD1CF300A87D7D /* XCRemoteSwiftPackageReference "firebase-ios-sdk" */;
			productName = FirebaseStorage;
		};
		719E55392ADD1CF300A87D7D /* FirebaseStorageCombine-Community */ = {
			isa = XCSwiftPackageProductDependency;
			package = 719E55042ADD1CF300A87D7D /* XCRemoteSwiftPackageReference "firebase-ios-sdk" */;
			productName = "FirebaseStorageCombine-Community";
		};
/* End XCSwiftPackageProductDependency section */
	};
	rootObject = 719E54D92ADD15A300A87D7D /* Project object */;
}
